{
  "lockfileVersion": 1,
  "workspaces": {
    "": {
      "name": "@dalhe/cloudflare",
      "dependencies": {
        "@pulumi/cloudflare": "^6.11.0",
        "@pulumi/command": "^1.1.3",
        "@pulumi/digitalocean": "^4.55.0",
        "@pulumi/pulumi": "^3.205.0",
      },
      "devDependencies": {
        "@types/node": "^22.10.1",
      },
    },
  },
  "packages": {
    "@grpc/grpc-js": ["@grpc/grpc-js@1.14.0", "", { "dependencies": { "@grpc/proto-loader": "^0.8.0", "@js-sdsl/ordered-map": "^4.4.2" } }, ""],

    "@grpc/proto-loader": ["@grpc/proto-loader@0.8.0", "", { "dependencies": { "lodash.camelcase": "^4.3.0", "long": "^5.0.0", "protobufjs": "^7.5.3", "yargs": "^17.7.2" }, "bin": { "proto-loader-gen-types": "build/bin/proto-loader-gen-types.js" } }, ""],

    "@isaacs/cliui": ["@isaacs/cliui@8.0.2", "", { "dependencies": { "string-width": "^5.1.2", "string-width-cjs": "npm:string-width@^4.2.0", "strip-ansi": "^7.0.1", "strip-ansi-cjs": "npm:strip-ansi@^6.0.1", "wrap-ansi": "^8.1.0", "wrap-ansi-cjs": "npm:wrap-ansi@^7.0.0" } }, ""],

    "@isaacs/string-locale-compare": ["@isaacs/string-locale-compare@1.1.0", "", {}, ""],

    "@js-sdsl/ordered-map": ["@js-sdsl/ordered-map@4.4.2", "", {}, ""],

    "@logdna/tail-file": ["@logdna/tail-file@2.2.0", "", {}, ""],

    "@npmcli/agent": ["@npmcli/agent@2.2.2", "", { "dependencies": { "agent-base": "^7.1.0", "http-proxy-agent": "^7.0.0", "https-proxy-agent": "^7.0.1", "lru-cache": "^10.0.1", "socks-proxy-agent": "^8.0.3" } }, ""],

    "@npmcli/arborist": ["@npmcli/arborist@7.5.4", "", { "dependencies": { "@isaacs/string-locale-compare": "^1.1.0", "@npmcli/fs": "^3.1.1", "@npmcli/installed-package-contents": "^2.1.0", "@npmcli/map-workspaces": "^3.0.2", "@npmcli/metavuln-calculator": "^7.1.1", "@npmcli/name-from-folder": "^2.0.0", "@npmcli/node-gyp": "^3.0.0", "@npmcli/package-json": "^5.1.0", "@npmcli/query": "^3.1.0", "@npmcli/redact": "^2.0.0", "@npmcli/run-script": "^8.1.0", "bin-links": "^4.0.4", "cacache": "^18.0.3", "common-ancestor-path": "^1.0.1", "hosted-git-info": "^7.0.2", "json-parse-even-better-errors": "^3.0.2", "json-stringify-nice": "^1.1.4", "lru-cache": "^10.2.2", "minimatch": "^9.0.4", "nopt": "^7.2.1", "npm-install-checks": "^6.2.0", "npm-package-arg": "^11.0.2", "npm-pick-manifest": "^9.0.1", "npm-registry-fetch": "^17.0.1", "pacote": "^18.0.6", "parse-conflict-json": "^3.0.0", "proc-log": "^4.2.0", "proggy": "^2.0.0", "promise-all-reject-late": "^1.0.0", "promise-call-limit": "^3.0.1", "read-package-json-fast": "^3.0.2", "semver": "^7.3.7", "ssri": "^10.0.6", "treeverse": "^3.0.0", "walk-up-path": "^3.0.1" }, "bin": { "arborist": "bin/index.js" } }, ""],

    "@npmcli/fs": ["@npmcli/fs@3.1.1", "", { "dependencies": { "semver": "^7.3.5" } }, ""],

    "@npmcli/git": ["@npmcli/git@5.0.8", "", { "dependencies": { "@npmcli/promise-spawn": "^7.0.0", "ini": "^4.1.3", "lru-cache": "^10.0.1", "npm-pick-manifest": "^9.0.0", "proc-log": "^4.0.0", "promise-inflight": "^1.0.1", "promise-retry": "^2.0.1", "semver": "^7.3.5", "which": "^4.0.0" } }, ""],

    "@npmcli/installed-package-contents": ["@npmcli/installed-package-contents@2.1.0", "", { "dependencies": { "npm-bundled": "^3.0.0", "npm-normalize-package-bin": "^3.0.0" }, "bin": { "installed-package-contents": "bin/index.js" } }, ""],

    "@npmcli/map-workspaces": ["@npmcli/map-workspaces@3.0.6", "", { "dependencies": { "@npmcli/name-from-folder": "^2.0.0", "glob": "^10.2.2", "minimatch": "^9.0.0", "read-package-json-fast": "^3.0.0" } }, ""],

    "@npmcli/metavuln-calculator": ["@npmcli/metavuln-calculator@7.1.1", "", { "dependencies": { "cacache": "^18.0.0", "json-parse-even-better-errors": "^3.0.0", "pacote": "^18.0.0", "proc-log": "^4.1.0", "semver": "^7.3.5" } }, ""],

    "@npmcli/name-from-folder": ["@npmcli/name-from-folder@2.0.0", "", {}, ""],

    "@npmcli/node-gyp": ["@npmcli/node-gyp@3.0.0", "", {}, ""],

    "@npmcli/package-json": ["@npmcli/package-json@5.2.1", "", { "dependencies": { "@npmcli/git": "^5.0.0", "glob": "^10.2.2", "hosted-git-info": "^7.0.0", "json-parse-even-better-errors": "^3.0.0", "normalize-package-data": "^6.0.0", "proc-log": "^4.0.0", "semver": "^7.5.3" } }, ""],

    "@npmcli/promise-spawn": ["@npmcli/promise-spawn@7.0.2", "", { "dependencies": { "which": "^4.0.0" } }, ""],

    "@npmcli/query": ["@npmcli/query@3.1.0", "", { "dependencies": { "postcss-selector-parser": "^6.0.10" } }, ""],

    "@npmcli/redact": ["@npmcli/redact@2.0.1", "", {}, ""],

    "@npmcli/run-script": ["@npmcli/run-script@8.1.0", "", { "dependencies": { "@npmcli/node-gyp": "^3.0.0", "@npmcli/package-json": "^5.0.0", "@npmcli/promise-spawn": "^7.0.0", "node-gyp": "^10.0.0", "proc-log": "^4.0.0", "which": "^4.0.0" } }, ""],

    "@opentelemetry/api": ["@opentelemetry/api@1.9.0", "", {}, ""],

    "@opentelemetry/api-logs": ["@opentelemetry/api-logs@0.55.0", "", { "dependencies": { "@opentelemetry/api": "^1.3.0" } }, ""],

    "@opentelemetry/context-async-hooks": ["@opentelemetry/context-async-hooks@1.30.1", "", { "peerDependencies": { "@opentelemetry/api": ">=1.0.0 <1.10.0" } }, ""],

    "@opentelemetry/core": ["@opentelemetry/core@1.30.1", "", { "dependencies": { "@opentelemetry/semantic-conventions": "1.28.0" }, "peerDependencies": { "@opentelemetry/api": ">=1.0.0 <1.10.0" } }, ""],

    "@opentelemetry/exporter-zipkin": ["@opentelemetry/exporter-zipkin@1.30.1", "", { "dependencies": { "@opentelemetry/core": "1.30.1", "@opentelemetry/resources": "1.30.1", "@opentelemetry/sdk-trace-base": "1.30.1", "@opentelemetry/semantic-conventions": "1.28.0" }, "peerDependencies": { "@opentelemetry/api": "^1.0.0" } }, ""],

    "@opentelemetry/instrumentation": ["@opentelemetry/instrumentation@0.55.0", "", { "dependencies": { "@opentelemetry/api-logs": "0.55.0", "@types/shimmer": "^1.2.0", "import-in-the-middle": "^1.8.1", "require-in-the-middle": "^7.1.1", "semver": "^7.5.2", "shimmer": "^1.2.1" }, "peerDependencies": { "@opentelemetry/api": "^1.3.0" } }, ""],

    "@opentelemetry/instrumentation-grpc": ["@opentelemetry/instrumentation-grpc@0.55.0", "", { "dependencies": { "@opentelemetry/instrumentation": "0.55.0", "@opentelemetry/semantic-conventions": "1.27.0" }, "peerDependencies": { "@opentelemetry/api": "^1.3.0" } }, ""],

    "@opentelemetry/propagator-b3": ["@opentelemetry/propagator-b3@1.30.1", "", { "dependencies": { "@opentelemetry/core": "1.30.1" }, "peerDependencies": { "@opentelemetry/api": ">=1.0.0 <1.10.0" } }, ""],

    "@opentelemetry/propagator-jaeger": ["@opentelemetry/propagator-jaeger@1.30.1", "", { "dependencies": { "@opentelemetry/core": "1.30.1" }, "peerDependencies": { "@opentelemetry/api": ">=1.0.0 <1.10.0" } }, ""],

    "@opentelemetry/resources": ["@opentelemetry/resources@1.30.1", "", { "dependencies": { "@opentelemetry/core": "1.30.1", "@opentelemetry/semantic-conventions": "1.28.0" }, "peerDependencies": { "@opentelemetry/api": ">=1.0.0 <1.10.0" } }, ""],

    "@opentelemetry/sdk-trace-base": ["@opentelemetry/sdk-trace-base@1.30.1", "", { "dependencies": { "@opentelemetry/core": "1.30.1", "@opentelemetry/resources": "1.30.1", "@opentelemetry/semantic-conventions": "1.28.0" }, "peerDependencies": { "@opentelemetry/api": ">=1.0.0 <1.10.0" } }, ""],

    "@opentelemetry/sdk-trace-node": ["@opentelemetry/sdk-trace-node@1.30.1", "", { "dependencies": { "@opentelemetry/context-async-hooks": "1.30.1", "@opentelemetry/core": "1.30.1", "@opentelemetry/propagator-b3": "1.30.1", "@opentelemetry/propagator-jaeger": "1.30.1", "@opentelemetry/sdk-trace-base": "1.30.1", "semver": "^7.5.2" }, "peerDependencies": { "@opentelemetry/api": ">=1.0.0 <1.10.0" } }, ""],

    "@opentelemetry/semantic-conventions": ["@opentelemetry/semantic-conventions@1.28.0", "", {}, ""],

    "@pkgjs/parseargs": ["@pkgjs/parseargs@0.11.0", "", {}, ""],

    "@protobufjs/aspromise": ["@protobufjs/aspromise@1.1.2", "", {}, ""],

    "@protobufjs/base64": ["@protobufjs/base64@1.1.2", "", {}, ""],

    "@protobufjs/codegen": ["@protobufjs/codegen@2.0.4", "", {}, ""],

    "@protobufjs/eventemitter": ["@protobufjs/eventemitter@1.1.0", "", {}, ""],

    "@protobufjs/fetch": ["@protobufjs/fetch@1.1.0", "", { "dependencies": { "@protobufjs/aspromise": "^1.1.1", "@protobufjs/inquire": "^1.1.0" } }, ""],

    "@protobufjs/float": ["@protobufjs/float@1.0.2", "", {}, ""],

    "@protobufjs/inquire": ["@protobufjs/inquire@1.1.0", "", {}, ""],

    "@protobufjs/path": ["@protobufjs/path@1.1.2", "", {}, ""],

    "@protobufjs/pool": ["@protobufjs/pool@1.1.0", "", {}, ""],

    "@protobufjs/utf8": ["@protobufjs/utf8@1.1.0", "", {}, ""],

    "@pulumi/cloudflare": ["@pulumi/cloudflare@6.11.0", "", { "dependencies": { "@pulumi/pulumi": "^3.142.0" } }, "sha512-KrKmoi7/L9Q8z2yr8PzNfcTo8Irm//NNJ5s4khQD9+W495Wd2k5fR1bOOEQN15iFsBALyjBbeDf+6+RdZKSd6A=="],

    "@pulumi/command": ["@pulumi/command@1.1.3", "", { "dependencies": { "@pulumi/pulumi": "^3.142.0" } }, "sha512-eBzGE/BQlxMNcxrrA62N4cLaHdL0xDSRACXxB0Hjc4rJG60vhpDVO130xxb4x3cZ7HT1kvjS4KuuoH8R5JRbIQ=="],

    "@pulumi/digitalocean": ["@pulumi/digitalocean@4.55.0", "", { "dependencies": { "@pulumi/pulumi": "^3.142.0" } }, "sha512-0HlErtfnBSEYs3n/YJJdcSaYx4yv7uw+fLCSu5+Hx83Hf+zt5uNsZpDCWXOnh3LeRepxj911wQ28+Ugi7DUQLQ=="],

    "@pulumi/pulumi": ["@pulumi/pulumi@3.205.0", "", { "dependencies": { "@grpc/grpc-js": "^1.10.1", "@logdna/tail-file": "^2.0.6", "@npmcli/arborist": "^7.3.1", "@opentelemetry/api": "^1.9", "@opentelemetry/exporter-zipkin": "^1.28", "@opentelemetry/instrumentation": "^0.55", "@opentelemetry/instrumentation-grpc": "^0.55", "@opentelemetry/resources": "^1.28", "@opentelemetry/sdk-trace-base": "^1.28", "@opentelemetry/sdk-trace-node": "^1.28", "@types/google-protobuf": "^3.15.5", "@types/semver": "^7.5.6", "@types/tmp": "^0.2.6", "execa": "^5.1.0", "fdir": "^6.1.1", "google-protobuf": "^3.21.4", "got": "^11.8.6", "ini": "^2.0.0", "js-yaml": "^3.14.0", "minimist": "^1.2.6", "normalize-package-data": "^6.0.0", "picomatch": "^3.0.1", "pkg-dir": "^7.0.0", "require-from-string": "^2.0.1", "semver": "^7.5.2", "source-map-support": "^0.5.6", "tmp": "^0.2.4", "upath": "^1.1.0" }, "peerDependencies": { "ts-node": ">= 7.0.1 < 12", "typescript": ">= 3.8.3 < 6" }, "optionalPeers": ["ts-node", "typescript"] }, "sha512-AcYCPNAPYpRX9D2D6vwnEfNP+1hg1R45eQYrBTJlbGY3rcR22sHP8fYheY5nJQy1g9KPY21kkkvfBDu6Ch6UIw=="],

    "@sigstore/bundle": ["@sigstore/bundle@2.3.2", "", { "dependencies": { "@sigstore/protobuf-specs": "^0.3.2" } }, ""],

    "@sigstore/core": ["@sigstore/core@1.1.0", "", {}, ""],

    "@sigstore/protobuf-specs": ["@sigstore/protobuf-specs@0.3.3", "", {}, ""],

    "@sigstore/sign": ["@sigstore/sign@2.3.2", "", { "dependencies": { "@sigstore/bundle": "^2.3.2", "@sigstore/core": "^1.0.0", "@sigstore/protobuf-specs": "^0.3.2", "make-fetch-happen": "^13.0.1", "proc-log": "^4.2.0", "promise-retry": "^2.0.1" } }, ""],

    "@sigstore/tuf": ["@sigstore/tuf@2.3.4", "", { "dependencies": { "@sigstore/protobuf-specs": "^0.3.2", "tuf-js": "^2.2.1" } }, ""],

    "@sigstore/verify": ["@sigstore/verify@1.2.1", "", { "dependencies": { "@sigstore/bundle": "^2.3.2", "@sigstore/core": "^1.1.0", "@sigstore/protobuf-specs": "^0.3.2" } }, ""],

    "@sindresorhus/is": ["@sindresorhus/is@4.6.0", "", {}, ""],

    "@szmarczak/http-timer": ["@szmarczak/http-timer@4.0.6", "", { "dependencies": { "defer-to-connect": "^2.0.0" } }, ""],

    "@tufjs/canonical-json": ["@tufjs/canonical-json@2.0.0", "", {}, ""],

    "@tufjs/models": ["@tufjs/models@2.0.1", "", { "dependencies": { "@tufjs/canonical-json": "2.0.0", "minimatch": "^9.0.4" } }, ""],

    "@types/cacheable-request": ["@types/cacheable-request@6.0.3", "", { "dependencies": { "@types/http-cache-semantics": "*", "@types/keyv": "^3.1.4", "@types/node": "*", "@types/responselike": "^1.0.0" } }, ""],

    "@types/google-protobuf": ["@types/google-protobuf@3.15.12", "", {}, ""],

    "@types/http-cache-semantics": ["@types/http-cache-semantics@4.0.4", "", {}, ""],

    "@types/keyv": ["@types/keyv@3.1.4", "", { "dependencies": { "@types/node": "*" } }, ""],

    "@types/node": ["@types/node@22.18.13", "", { "dependencies": { "undici-types": "~6.21.0" } }, "sha512-Bo45YKIjnmFtv6I1TuC8AaHBbqXtIo+Om5fE4QiU1Tj8QR/qt+8O3BAtOimG5IFmwaWiPmB3Mv3jtYzBA4Us2A=="],

    "@types/responselike": ["@types/responselike@1.0.3", "", { "dependencies": { "@types/node": "*" } }, ""],

    "@types/semver": ["@types/semver@7.7.1", "", {}, ""],

    "@types/shimmer": ["@types/shimmer@1.2.0", "", {}, ""],

    "@types/tmp": ["@types/tmp@0.2.6", "", {}, ""],

    "abbrev": ["abbrev@2.0.0", "", {}, ""],

    "acorn": ["acorn@8.15.0", "", { "bin": "bin/acorn" }, ""],

    "acorn-import-attributes": ["acorn-import-attributes@1.9.5", "", { "peerDependencies": { "acorn": "^8" } }, ""],

    "agent-base": ["agent-base@7.1.4", "", {}, ""],

    "aggregate-error": ["aggregate-error@3.1.0", "", { "dependencies": { "clean-stack": "^2.0.0", "indent-string": "^4.0.0" } }, ""],

    "ansi-regex": ["ansi-regex@5.0.1", "", {}, ""],

    "ansi-styles": ["ansi-styles@4.3.0", "", { "dependencies": { "color-convert": "^2.0.1" } }, ""],

    "argparse": ["argparse@1.0.10", "", { "dependencies": { "sprintf-js": "~1.0.2" } }, ""],

    "balanced-match": ["balanced-match@1.0.2", "", {}, ""],

    "bin-links": ["bin-links@4.0.4", "", { "dependencies": { "cmd-shim": "^6.0.0", "npm-normalize-package-bin": "^3.0.0", "read-cmd-shim": "^4.0.0", "write-file-atomic": "^5.0.0" } }, ""],

    "brace-expansion": ["brace-expansion@2.0.2", "", { "dependencies": { "balanced-match": "^1.0.0" } }, ""],

    "buffer-from": ["buffer-from@1.1.2", "", {}, ""],

    "cacache": ["cacache@18.0.4", "", { "dependencies": { "@npmcli/fs": "^3.1.0", "fs-minipass": "^3.0.0", "glob": "^10.2.2", "lru-cache": "^10.0.1", "minipass": "^7.0.3", "minipass-collect": "^2.0.1", "minipass-flush": "^1.0.5", "minipass-pipeline": "^1.2.4", "p-map": "^4.0.0", "ssri": "^10.0.0", "tar": "^6.1.11", "unique-filename": "^3.0.0" } }, ""],

    "cacheable-lookup": ["cacheable-lookup@5.0.4", "", {}, ""],

    "cacheable-request": ["cacheable-request@7.0.4", "", { "dependencies": { "clone-response": "^1.0.2", "get-stream": "^5.1.0", "http-cache-semantics": "^4.0.0", "keyv": "^4.0.0", "lowercase-keys": "^2.0.0", "normalize-url": "^6.0.1", "responselike": "^2.0.0" } }, ""],

    "chownr": ["chownr@2.0.0", "", {}, ""],

    "cjs-module-lexer": ["cjs-module-lexer@1.4.3", "", {}, ""],

    "clean-stack": ["clean-stack@2.2.0", "", {}, ""],

    "cliui": ["cliui@8.0.1", "", { "dependencies": { "string-width": "^4.2.0", "strip-ansi": "^6.0.1", "wrap-ansi": "^7.0.0" } }, ""],

    "clone-response": ["clone-response@1.0.3", "", { "dependencies": { "mimic-response": "^1.0.0" } }, ""],

    "cmd-shim": ["cmd-shim@6.0.3", "", {}, ""],

    "color-convert": ["color-convert@2.0.1", "", { "dependencies": { "color-name": "~1.1.4" } }, ""],

    "color-name": ["color-name@1.1.4", "", {}, ""],

    "common-ancestor-path": ["common-ancestor-path@1.0.1", "", {}, ""],

    "cross-spawn": ["cross-spawn@7.0.6", "", { "dependencies": { "path-key": "^3.1.0", "shebang-command": "^2.0.0", "which": "^2.0.1" } }, ""],

    "cssesc": ["cssesc@3.0.0", "", { "bin": "bin/cssesc" }, ""],

    "debug": ["debug@4.4.3", "", { "dependencies": { "ms": "^2.1.3" } }, ""],

    "decompress-response": ["decompress-response@6.0.0", "", { "dependencies": { "mimic-response": "^3.1.0" } }, ""],

    "defer-to-connect": ["defer-to-connect@2.0.1", "", {}, ""],

    "eastasianwidth": ["eastasianwidth@0.2.0", "", {}, ""],

    "emoji-regex": ["emoji-regex@8.0.0", "", {}, ""],

    "encoding": ["encoding@0.1.13", "", { "dependencies": { "iconv-lite": "^0.6.2" } }, ""],

    "end-of-stream": ["end-of-stream@1.4.5", "", { "dependencies": { "once": "^1.4.0" } }, ""],

    "env-paths": ["env-paths@2.2.1", "", {}, ""],

    "err-code": ["err-code@2.0.3", "", {}, ""],

    "escalade": ["escalade@3.2.0", "", {}, ""],

    "esprima": ["esprima@4.0.1", "", { "bin": { "esparse": "bin/esparse.js", "esvalidate": "bin/esvalidate.js" } }, ""],

    "execa": ["execa@5.1.1", "", { "dependencies": { "cross-spawn": "^7.0.3", "get-stream": "^6.0.0", "human-signals": "^2.1.0", "is-stream": "^2.0.0", "merge-stream": "^2.0.0", "npm-run-path": "^4.0.1", "onetime": "^5.1.2", "signal-exit": "^3.0.3", "strip-final-newline": "^2.0.0" } }, ""],

    "exponential-backoff": ["exponential-backoff@3.1.3", "", {}, ""],

    "fdir": ["fdir@6.5.0", "", { "peerDependencies": { "picomatch": "^3 || ^4" } }, ""],

    "find-up": ["find-up@6.3.0", "", { "dependencies": { "locate-path": "^7.1.0", "path-exists": "^5.0.0" } }, ""],

    "foreground-child": ["foreground-child@3.3.1", "", { "dependencies": { "cross-spawn": "^7.0.6", "signal-exit": "^4.0.1" } }, ""],

    "fs-minipass": ["fs-minipass@3.0.3", "", { "dependencies": { "minipass": "^7.0.3" } }, ""],

    "function-bind": ["function-bind@1.1.2", "", {}, ""],

    "get-caller-file": ["get-caller-file@2.0.5", "", {}, ""],

    "get-stream": ["get-stream@6.0.1", "", {}, ""],

    "glob": ["glob@10.4.5", "", { "dependencies": { "foreground-child": "^3.1.0", "jackspeak": "^3.1.2", "minimatch": "^9.0.4", "minipass": "^7.1.2", "package-json-from-dist": "^1.0.0", "path-scurry": "^1.11.1" }, "bin": "dist/esm/bin.mjs" }, ""],

    "google-protobuf": ["google-protobuf@3.21.4", "", {}, ""],

    "got": ["got@11.8.6", "", { "dependencies": { "@sindresorhus/is": "^4.0.0", "@szmarczak/http-timer": "^4.0.5", "@types/cacheable-request": "^6.0.1", "@types/responselike": "^1.0.0", "cacheable-lookup": "^5.0.3", "cacheable-request": "^7.0.2", "decompress-response": "^6.0.0", "http2-wrapper": "^1.0.0-beta.5.2", "lowercase-keys": "^2.0.0", "p-cancelable": "^2.0.0", "responselike": "^2.0.0" } }, ""],

    "graceful-fs": ["graceful-fs@4.2.11", "", {}, ""],

    "hasown": ["hasown@2.0.2", "", { "dependencies": { "function-bind": "^1.1.2" } }, ""],

    "hosted-git-info": ["hosted-git-info@7.0.2", "", { "dependencies": { "lru-cache": "^10.0.1" } }, ""],

    "http-cache-semantics": ["http-cache-semantics@4.2.0", "", {}, ""],

    "http-proxy-agent": ["http-proxy-agent@7.0.2", "", { "dependencies": { "agent-base": "^7.1.0", "debug": "^4.3.4" } }, ""],

    "http2-wrapper": ["http2-wrapper@1.0.3", "", { "dependencies": { "quick-lru": "^5.1.1", "resolve-alpn": "^1.0.0" } }, ""],

    "https-proxy-agent": ["https-proxy-agent@7.0.6", "", { "dependencies": { "agent-base": "^7.1.2", "debug": "4" } }, ""],

    "human-signals": ["human-signals@2.1.0", "", {}, ""],

    "iconv-lite": ["iconv-lite@0.6.3", "", { "dependencies": { "safer-buffer": ">= 2.1.2 < 3.0.0" } }, ""],

    "ignore-walk": ["ignore-walk@6.0.5", "", { "dependencies": { "minimatch": "^9.0.0" } }, ""],

    "import-in-the-middle": ["import-in-the-middle@1.15.0", "", { "dependencies": { "acorn": "^8.14.0", "acorn-import-attributes": "^1.9.5", "cjs-module-lexer": "^1.2.2", "module-details-from-path": "^1.0.3" } }, ""],

    "imurmurhash": ["imurmurhash@0.1.4", "", {}, ""],

    "indent-string": ["indent-string@4.0.0", "", {}, ""],

    "ini": ["ini@2.0.0", "", {}, ""],

    "ip-address": ["ip-address@10.0.1", "", {}, ""],

    "is-core-module": ["is-core-module@2.16.1", "", { "dependencies": { "hasown": "^2.0.2" } }, ""],

    "is-fullwidth-code-point": ["is-fullwidth-code-point@3.0.0", "", {}, ""],

    "is-lambda": ["is-lambda@1.0.1", "", {}, ""],

    "is-stream": ["is-stream@2.0.1", "", {}, ""],

    "isexe": ["isexe@3.1.1", "", {}, ""],

    "jackspeak": ["jackspeak@3.4.3", "", { "dependencies": { "@isaacs/cliui": "^8.0.2" }, "optionalDependencies": { "@pkgjs/parseargs": "^0.11.0" } }, ""],

    "js-yaml": ["js-yaml@3.14.1", "", { "dependencies": { "argparse": "^1.0.7", "esprima": "^4.0.0" }, "bin": "bin/js-yaml.js" }, ""],

    "json-buffer": ["json-buffer@3.0.1", "", {}, ""],

    "json-parse-even-better-errors": ["json-parse-even-better-errors@3.0.2", "", {}, ""],

    "json-stringify-nice": ["json-stringify-nice@1.1.4", "", {}, ""],

    "jsonparse": ["jsonparse@1.3.1", "", {}, ""],

    "just-diff": ["just-diff@6.0.2", "", {}, ""],

    "just-diff-apply": ["just-diff-apply@5.5.0", "", {}, ""],

    "keyv": ["keyv@4.5.4", "", { "dependencies": { "json-buffer": "3.0.1" } }, ""],

    "locate-path": ["locate-path@7.2.0", "", { "dependencies": { "p-locate": "^6.0.0" } }, ""],

    "lodash.camelcase": ["lodash.camelcase@4.3.0", "", {}, ""],

    "long": ["long@5.3.2", "", {}, ""],

    "lowercase-keys": ["lowercase-keys@2.0.0", "", {}, ""],

    "lru-cache": ["lru-cache@10.4.3", "", {}, ""],

    "make-fetch-happen": ["make-fetch-happen@13.0.1", "", { "dependencies": { "@npmcli/agent": "^2.0.0", "cacache": "^18.0.0", "http-cache-semantics": "^4.1.1", "is-lambda": "^1.0.1", "minipass": "^7.0.2", "minipass-fetch": "^3.0.0", "minipass-flush": "^1.0.5", "minipass-pipeline": "^1.2.4", "negotiator": "^0.6.3", "proc-log": "^4.2.0", "promise-retry": "^2.0.1", "ssri": "^10.0.0" } }, ""],

    "merge-stream": ["merge-stream@2.0.0", "", {}, ""],

    "mimic-fn": ["mimic-fn@2.1.0", "", {}, ""],

    "mimic-response": ["mimic-response@3.1.0", "", {}, ""],

    "minimatch": ["minimatch@9.0.5", "", { "dependencies": { "brace-expansion": "^2.0.1" } }, ""],

    "minimist": ["minimist@1.2.8", "", {}, ""],

    "minipass": ["minipass@7.1.2", "", {}, ""],

    "minipass-collect": ["minipass-collect@2.0.1", "", { "dependencies": { "minipass": "^7.0.3" } }, ""],

    "minipass-fetch": ["minipass-fetch@3.0.5", "", { "dependencies": { "minipass": "^7.0.3", "minipass-sized": "^1.0.3", "minizlib": "^2.1.2" }, "optionalDependencies": { "encoding": "^0.1.13" } }, ""],

    "minipass-flush": ["minipass-flush@1.0.5", "", { "dependencies": { "minipass": "^3.0.0" } }, ""],

    "minipass-pipeline": ["minipass-pipeline@1.2.4", "", { "dependencies": { "minipass": "^3.0.0" } }, ""],

    "minipass-sized": ["minipass-sized@1.0.3", "", { "dependencies": { "minipass": "^3.0.0" } }, ""],

    "minizlib": ["minizlib@2.1.2", "", { "dependencies": { "minipass": "^3.0.0", "yallist": "^4.0.0" } }, ""],

    "mkdirp": ["mkdirp@1.0.4", "", { "bin": "bin/cmd.js" }, ""],

    "module-details-from-path": ["module-details-from-path@1.0.4", "", {}, ""],

    "ms": ["ms@2.1.3", "", {}, ""],

    "negotiator": ["negotiator@0.6.4", "", {}, ""],

    "node-gyp": ["node-gyp@10.3.1", "", { "dependencies": { "env-paths": "^2.2.0", "exponential-backoff": "^3.1.1", "glob": "^10.3.10", "graceful-fs": "^4.2.6", "make-fetch-happen": "^13.0.0", "nopt": "^7.0.0", "proc-log": "^4.1.0", "semver": "^7.3.5", "tar": "^6.2.1", "which": "^4.0.0" }, "bin": "bin/node-gyp.js" }, ""],

    "nopt": ["nopt@7.2.1", "", { "dependencies": { "abbrev": "^2.0.0" }, "bin": "bin/nopt.js" }, ""],

    "normalize-package-data": ["normalize-package-data@6.0.2", "", { "dependencies": { "hosted-git-info": "^7.0.0", "semver": "^7.3.5", "validate-npm-package-license": "^3.0.4" } }, ""],

    "normalize-url": ["normalize-url@6.1.0", "", {}, ""],

    "npm-bundled": ["npm-bundled@3.0.1", "", { "dependencies": { "npm-normalize-package-bin": "^3.0.0" } }, ""],

    "npm-install-checks": ["npm-install-checks@6.3.0", "", { "dependencies": { "semver": "^7.1.1" } }, ""],

    "npm-normalize-package-bin": ["npm-normalize-package-bin@3.0.1", "", {}, ""],

    "npm-package-arg": ["npm-package-arg@11.0.3", "", { "dependencies": { "hosted-git-info": "^7.0.0", "proc-log": "^4.0.0", "semver": "^7.3.5", "validate-npm-package-name": "^5.0.0" } }, ""],

    "npm-packlist": ["npm-packlist@8.0.2", "", { "dependencies": { "ignore-walk": "^6.0.4" } }, ""],

    "npm-pick-manifest": ["npm-pick-manifest@9.1.0", "", { "dependencies": { "npm-install-checks": "^6.0.0", "npm-normalize-package-bin": "^3.0.0", "npm-package-arg": "^11.0.0", "semver": "^7.3.5" } }, ""],

    "npm-registry-fetch": ["npm-registry-fetch@17.1.0", "", { "dependencies": { "@npmcli/redact": "^2.0.0", "jsonparse": "^1.3.1", "make-fetch-happen": "^13.0.0", "minipass": "^7.0.2", "minipass-fetch": "^3.0.0", "minizlib": "^2.1.2", "npm-package-arg": "^11.0.0", "proc-log": "^4.0.0" } }, ""],

    "npm-run-path": ["npm-run-path@4.0.1", "", { "dependencies": { "path-key": "^3.0.0" } }, ""],

    "once": ["once@1.4.0", "", { "dependencies": { "wrappy": "1" } }, ""],

    "onetime": ["onetime@5.1.2", "", { "dependencies": { "mimic-fn": "^2.1.0" } }, ""],

    "p-cancelable": ["p-cancelable@2.1.1", "", {}, ""],

    "p-limit": ["p-limit@4.0.0", "", { "dependencies": { "yocto-queue": "^1.0.0" } }, ""],

    "p-locate": ["p-locate@6.0.0", "", { "dependencies": { "p-limit": "^4.0.0" } }, ""],

    "p-map": ["p-map@4.0.0", "", { "dependencies": { "aggregate-error": "^3.0.0" } }, ""],

    "package-json-from-dist": ["package-json-from-dist@1.0.1", "", {}, ""],

    "pacote": ["pacote@18.0.6", "", { "dependencies": { "@npmcli/git": "^5.0.0", "@npmcli/installed-package-contents": "^2.0.1", "@npmcli/package-json": "^5.1.0", "@npmcli/promise-spawn": "^7.0.0", "@npmcli/run-script": "^8.0.0", "cacache": "^18.0.0", "fs-minipass": "^3.0.0", "minipass": "^7.0.2", "npm-package-arg": "^11.0.0", "npm-packlist": "^8.0.0", "npm-pick-manifest": "^9.0.0", "npm-registry-fetch": "^17.0.0", "proc-log": "^4.0.0", "promise-retry": "^2.0.1", "sigstore": "^2.2.0", "ssri": "^10.0.0", "tar": "^6.1.11" }, "bin": "bin/index.js" }, ""],

    "parse-conflict-json": ["parse-conflict-json@3.0.1", "", { "dependencies": { "json-parse-even-better-errors": "^3.0.0", "just-diff": "^6.0.0", "just-diff-apply": "^5.2.0" } }, ""],

    "path-exists": ["path-exists@5.0.0", "", {}, ""],

    "path-key": ["path-key@3.1.1", "", {}, ""],

    "path-parse": ["path-parse@1.0.7", "", {}, ""],

    "path-scurry": ["path-scurry@1.11.1", "", { "dependencies": { "lru-cache": "^10.2.0", "minipass": "^5.0.0 || ^6.0.2 || ^7.0.0" } }, ""],

    "picomatch": ["picomatch@3.0.1", "", {}, ""],

    "pkg-dir": ["pkg-dir@7.0.0", "", { "dependencies": { "find-up": "^6.3.0" } }, ""],

    "postcss-selector-parser": ["postcss-selector-parser@6.1.2", "", { "dependencies": { "cssesc": "^3.0.0", "util-deprecate": "^1.0.2" } }, ""],

    "proc-log": ["proc-log@4.2.0", "", {}, ""],

    "proggy": ["proggy@2.0.0", "", {}, ""],

    "promise-all-reject-late": ["promise-all-reject-late@1.0.1", "", {}, ""],

    "promise-call-limit": ["promise-call-limit@3.0.2", "", {}, ""],

    "promise-inflight": ["promise-inflight@1.0.1", "", {}, ""],

    "promise-retry": ["promise-retry@2.0.1", "", { "dependencies": { "err-code": "^2.0.2", "retry": "^0.12.0" } }, ""],

    "protobufjs": ["protobufjs@7.5.4", "", { "dependencies": { "@protobufjs/aspromise": "^1.1.2", "@protobufjs/base64": "^1.1.2", "@protobufjs/codegen": "^2.0.4", "@protobufjs/eventemitter": "^1.1.0", "@protobufjs/fetch": "^1.1.0", "@protobufjs/float": "^1.0.2", "@protobufjs/inquire": "^1.1.0", "@protobufjs/path": "^1.1.2", "@protobufjs/pool": "^1.1.0", "@protobufjs/utf8": "^1.1.0", "@types/node": ">=13.7.0", "long": "^5.0.0" } }, ""],

    "pump": ["pump@3.0.3", "", { "dependencies": { "end-of-stream": "^1.1.0", "once": "^1.3.1" } }, ""],

    "quick-lru": ["quick-lru@5.1.1", "", {}, ""],

    "read-cmd-shim": ["read-cmd-shim@4.0.0", "", {}, ""],

    "read-package-json-fast": ["read-package-json-fast@3.0.2", "", { "dependencies": { "json-parse-even-better-errors": "^3.0.0", "npm-normalize-package-bin": "^3.0.0" } }, ""],

    "require-directory": ["require-directory@2.1.1", "", {}, ""],

    "require-from-string": ["require-from-string@2.0.2", "", {}, ""],

    "require-in-the-middle": ["require-in-the-middle@7.5.2", "", { "dependencies": { "debug": "^4.3.5", "module-details-from-path": "^1.0.3", "resolve": "^1.22.8" } }, ""],

    "resolve": ["resolve@1.22.11", "", { "dependencies": { "is-core-module": "^2.16.1", "path-parse": "^1.0.7", "supports-preserve-symlinks-flag": "^1.0.0" }, "bin": "bin/resolve" }, ""],

    "resolve-alpn": ["resolve-alpn@1.2.1", "", {}, ""],

    "responselike": ["responselike@2.0.1", "", { "dependencies": { "lowercase-keys": "^2.0.0" } }, ""],

    "retry": ["retry@0.12.0", "", {}, ""],

    "safer-buffer": ["safer-buffer@2.1.2", "", {}, ""],

    "semver": ["semver@7.7.3", "", { "bin": "bin/semver.js" }, ""],

    "shebang-command": ["shebang-command@2.0.0", "", { "dependencies": { "shebang-regex": "^3.0.0" } }, ""],

    "shebang-regex": ["shebang-regex@3.0.0", "", {}, ""],

    "shimmer": ["shimmer@1.2.1", "", {}, ""],

    "signal-exit": ["signal-exit@3.0.7", "", {}, ""],

    "sigstore": ["sigstore@2.3.1", "", { "dependencies": { "@sigstore/bundle": "^2.3.2", "@sigstore/core": "^1.0.0", "@sigstore/protobuf-specs": "^0.3.2", "@sigstore/sign": "^2.3.2", "@sigstore/tuf": "^2.3.4", "@sigstore/verify": "^1.2.1" } }, ""],

    "smart-buffer": ["smart-buffer@4.2.0", "", {}, ""],

    "socks": ["socks@2.8.7", "", { "dependencies": { "ip-address": "^10.0.1", "smart-buffer": "^4.2.0" } }, ""],

    "socks-proxy-agent": ["socks-proxy-agent@8.0.5", "", { "dependencies": { "agent-base": "^7.1.2", "debug": "^4.3.4", "socks": "^2.8.3" } }, ""],

    "source-map": ["source-map@0.6.1", "", {}, ""],

    "source-map-support": ["source-map-support@0.5.21", "", { "dependencies": { "buffer-from": "^1.0.0", "source-map": "^0.6.0" } }, ""],

    "spdx-correct": ["spdx-correct@3.2.0", "", { "dependencies": { "spdx-expression-parse": "^3.0.0", "spdx-license-ids": "^3.0.0" } }, ""],

    "spdx-exceptions": ["spdx-exceptions@2.5.0", "", {}, ""],

    "spdx-expression-parse": ["spdx-expression-parse@3.0.1", "", { "dependencies": { "spdx-exceptions": "^2.1.0", "spdx-license-ids": "^3.0.0" } }, ""],

    "spdx-license-ids": ["spdx-license-ids@3.0.22", "", {}, ""],

    "sprintf-js": ["sprintf-js@1.0.3", "", {}, ""],

    "ssri": ["ssri@10.0.6", "", { "dependencies": { "minipass": "^7.0.3" } }, ""],

    "string-width": ["string-width@4.2.3", "", { "dependencies": { "emoji-regex": "^8.0.0", "is-fullwidth-code-point": "^3.0.0", "strip-ansi": "^6.0.1" } }, ""],

    "string-width-cjs": ["string-width@4.2.3", "", { "dependencies": { "emoji-regex": "^8.0.0", "is-fullwidth-code-point": "^3.0.0", "strip-ansi": "^6.0.1" } }, ""],

    "strip-ansi": ["strip-ansi@6.0.1", "", { "dependencies": { "ansi-regex": "^5.0.1" } }, ""],

    "strip-ansi-cjs": ["strip-ansi@6.0.1", "", { "dependencies": { "ansi-regex": "^5.0.1" } }, ""],

    "strip-final-newline": ["strip-final-newline@2.0.0", "", {}, ""],

    "supports-preserve-symlinks-flag": ["supports-preserve-symlinks-flag@1.0.0", "", {}, ""],

    "tar": ["tar@6.2.1", "", { "dependencies": { "chownr": "^2.0.0", "fs-minipass": "^2.0.0", "minipass": "^5.0.0", "minizlib": "^2.1.1", "mkdirp": "^1.0.3", "yallist": "^4.0.0" } }, ""],

    "tmp": ["tmp@0.2.5", "", {}, ""],

    "treeverse": ["treeverse@3.0.0", "", {}, ""],

    "tuf-js": ["tuf-js@2.2.1", "", { "dependencies": { "@tufjs/models": "2.0.1", "debug": "^4.3.4", "make-fetch-happen": "^13.0.1" } }, ""],

    "undici-types": ["undici-types@6.21.0", "", {}, "sha512-iwDZqg0QAGrg9Rav5H4n0M64c3mkR59cJ6wQp+7C4nI0gsmExaedaYLNO44eT4AtBBwjbTiGPMlt2Md0T9H9JQ=="],

    "unique-filename": ["unique-filename@3.0.0", "", { "dependencies": { "unique-slug": "^4.0.0" } }, ""],

    "unique-slug": ["unique-slug@4.0.0", "", { "dependencies": { "imurmurhash": "^0.1.4" } }, ""],

    "upath": ["upath@1.2.0", "", {}, ""],

    "util-deprecate": ["util-deprecate@1.0.2", "", {}, ""],

    "validate-npm-package-license": ["validate-npm-package-license@3.0.4", "", { "dependencies": { "spdx-correct": "^3.0.0", "spdx-expression-parse": "^3.0.0" } }, ""],

    "validate-npm-package-name": ["validate-npm-package-name@5.0.1", "", {}, ""],

    "walk-up-path": ["walk-up-path@3.0.1", "", {}, ""],

    "which": ["which@4.0.0", "", { "dependencies": { "isexe": "^3.1.1" }, "bin": { "node-which": "bin/which.js" } }, ""],

    "wrap-ansi": ["wrap-ansi@7.0.0", "", { "dependencies": { "ansi-styles": "^4.0.0", "string-width": "^4.1.0", "strip-ansi": "^6.0.0" } }, ""],

    "wrap-ansi-cjs": ["wrap-ansi@7.0.0", "", { "dependencies": { "ansi-styles": "^4.0.0", "string-width": "^4.1.0", "strip-ansi": "^6.0.0" } }, ""],

    "wrappy": ["wrappy@1.0.2", "", {}, ""],

    "write-file-atomic": ["write-file-atomic@5.0.1", "", { "dependencies": { "imurmurhash": "^0.1.4", "signal-exit": "^4.0.1" } }, ""],

    "y18n": ["y18n@5.0.8", "", {}, ""],

    "yallist": ["yallist@4.0.0", "", {}, ""],

    "yargs": ["yargs@17.7.2", "", { "dependencies": { "cliui": "^8.0.1", "escalade": "^3.1.1", "get-caller-file": "^2.0.5", "require-directory": "^2.1.1", "string-width": "^4.2.3", "y18n": "^5.0.5", "yargs-parser": "^21.1.1" } }, ""],

    "yargs-parser": ["yargs-parser@21.1.1", "", {}, ""],

    "yocto-queue": ["yocto-queue@1.2.1", "", {}, ""],

    "@isaacs/cliui/string-width": ["string-width@5.1.2", "", { "dependencies": { "eastasianwidth": "^0.2.0", "emoji-regex": "^9.2.2", "strip-ansi": "^7.0.1" } }, ""],

    "@isaacs/cliui/strip-ansi": ["strip-ansi@7.1.2", "", { "dependencies": { "ansi-regex": "^6.0.1" } }, ""],

    "@isaacs/cliui/wrap-ansi": ["wrap-ansi@8.1.0", "", { "dependencies": { "ansi-styles": "^6.1.0", "string-width": "^5.0.1", "strip-ansi": "^7.0.1" } }, ""],

    "@npmcli/git/ini": ["ini@4.1.3", "", {}, ""],

    "@opentelemetry/instrumentation-grpc/@opentelemetry/semantic-conventions": ["@opentelemetry/semantic-conventions@1.27.0", "", {}, ""],

    "cacheable-request/get-stream": ["get-stream@5.2.0", "", { "dependencies": { "pump": "^3.0.0" } }, ""],

    "clone-response/mimic-response": ["mimic-response@1.0.1", "", {}, ""],

    "cross-spawn/which": ["which@2.0.2", "", { "dependencies": { "isexe": "^2.0.0" }, "bin": { "node-which": "bin/node-which" } }, ""],

    "foreground-child/signal-exit": ["signal-exit@4.1.0", "", {}, ""],

    "minipass-flush/minipass": ["minipass@3.3.6", "", { "dependencies": { "yallist": "^4.0.0" } }, ""],

    "minipass-pipeline/minipass": ["minipass@3.3.6", "", { "dependencies": { "yallist": "^4.0.0" } }, ""],

    "minipass-sized/minipass": ["minipass@3.3.6", "", { "dependencies": { "yallist": "^4.0.0" } }, ""],

    "minizlib/minipass": ["minipass@3.3.6", "", { "dependencies": { "yallist": "^4.0.0" } }, ""],

    "tar/fs-minipass": ["fs-minipass@2.1.0", "", { "dependencies": { "minipass": "^3.0.0" } }, ""],

    "tar/minipass": ["minipass@5.0.0", "", {}, ""],

    "write-file-atomic/signal-exit": ["signal-exit@4.1.0", "", {}, ""],

    "@isaacs/cliui/string-width/emoji-regex": ["emoji-regex@9.2.2", "", {}, ""],

    "@isaacs/cliui/strip-ansi/ansi-regex": ["ansi-regex@6.2.2", "", {}, ""],

    "@isaacs/cliui/wrap-ansi/ansi-styles": ["ansi-styles@6.2.3", "", {}, ""],

    "cross-spawn/which/isexe": ["isexe@2.0.0", "", {}, ""],

    "tar/fs-minipass/minipass": ["minipass@3.3.6", "", { "dependencies": { "yallist": "^4.0.0" } }, ""],
  }
}
